
Microsoft Visual Studio Solution File, Format Version 12.00
Project("{FAE04EC0-301F-11D3-BF4B-00C04F79EFBC}") = "CM.Api", "CM.Api\CM.Api.csproj", "{3B610C5F-9665-4DA4-8A8E-7BFDAE9AD253}"
EndProject
Project("{FAE04EC0-301F-11D3-BF4B-00C04F79EFBC}") = "CM.Common", "CM.Common\CM.Common.csproj", "{95340055-7B0B-47E5-B586-EA9F68F72DD7}"
EndProject
Project("{FAE04EC0-301F-11D3-BF4B-00C04F79EFBC}") = "CM.Database", "CM.Database\CM.Database.csproj", "{CD8FBB67-827D-43C7-B1F1-E301411C6AB5}"
EndProject
Project("{FAE04EC0-301F-11D3-BF4B-00C04F79EFBC}") = "CM.Entities", "CM.Entities\CM.Entities.csproj", "{A72AABB7-9E70-4C9E-A95E-E934BE398178}"
EndProject
Project("{FAE04EC0-301F-11D3-BF4B-00C04F79EFBC}") = "CM.Model", "CM.Model\CM.Model.csproj", "{393CB3A2-1C16-4777-AC50-411E9087E52B}"
EndProject
Project("{FAE04EC0-301F-11D3-BF4B-00C04F79EFBC}") = "CM.Repositories", "CM.Repositories\CM.Repositories.csproj", "{644994BA-C9EC-4AFA-9BFE-819761084390}"
EndProject
Project("{FAE04EC0-301F-11D3-BF4B-00C04F79EFBC}") = "CM.Features", "CM.Features\CM.Features.csproj", "{5BD758CD-32E7-4A05-9996-70CE279C38F9}"
EndProject
Project("{FAE04EC0-301F-11D3-BF4B-00C04F79EFBC}") = "CM.Core", "CM.Core\CM.Core.csproj", "{E8277C20-2CC3-475B-96F6-0CAA5EF0F595}"
EndProject
Project("{2150E333-8FDC-42A3-9474-1A3956D46DE8}") = "Backend", "Backend", "{A8FAB6D9-E3A5-46C4-BF50-2B957574BCB3}"
EndProject
Project("{2150E333-8FDC-42A3-9474-1A3956D46DE8}") = "FrontEnd", "FrontEnd", "{589C67E7-A942-467F-8B59-B0B87ADCC1B7}"
EndProject
Project("{FAE04EC0-301F-11D3-BF4B-00C04F79EFBC}") = "CM.App", "CM.App\CM.App.csproj", "{295F81B3-B375-49C6-BB82-D672C3138590}"
EndProject
Project("{FAE04EC0-301F-11D3-BF4B-00C04F79EFBC}") = "CM.App.Helper", "CM.App.Helper\CM.App.Helper.csproj", "{80AE8DC4-B9CE-4214-AD87-DE57F6403E22}"
EndProject
Project("{2150E333-8FDC-42A3-9474-1A3956D46DE8}") = "Test", "Test", "{630552C8-84CF-4422-B885-1826DF042CD1}"
EndProject
Project("{FAE04EC0-301F-11D3-BF4B-00C04F79EFBC}") = "CM.TestApp", "CM.TestApp\CM.TestApp.csproj", "{A4A9266A-DCD8-463B-B780-B27B06B462CF}"
EndProject
Global
	GlobalSection(SolutionConfigurationPlatforms) = preSolution
		Debug|Any CPU = Debug|Any CPU
		Release|Any CPU = Release|Any CPU
	EndGlobalSection
	GlobalSection(ProjectConfigurationPlatforms) = postSolution
		{3B610C5F-9665-4DA4-8A8E-7BFDAE9AD253}.Debug|Any CPU.ActiveCfg = Debug|Any CPU
		{3B610C5F-9665-4DA4-8A8E-7BFDAE9AD253}.Debug|Any CPU.Build.0 = Debug|Any CPU
		{3B610C5F-9665-4DA4-8A8E-7BFDAE9AD253}.Release|Any CPU.ActiveCfg = Release|Any CPU
		{3B610C5F-9665-4DA4-8A8E-7BFDAE9AD253}.Release|Any CPU.Build.0 = Release|Any CPU
		{95340055-7B0B-47E5-B586-EA9F68F72DD7}.Debug|Any CPU.ActiveCfg = Debug|Any CPU
		{95340055-7B0B-47E5-B586-EA9F68F72DD7}.Debug|Any CPU.Build.0 = Debug|Any CPU
		{95340055-7B0B-47E5-B586-EA9F68F72DD7}.Release|Any CPU.ActiveCfg = Release|Any CPU
		{95340055-7B0B-47E5-B586-EA9F68F72DD7}.Release|Any CPU.Build.0 = Release|Any CPU
		{CD8FBB67-827D-43C7-B1F1-E301411C6AB5}.Debug|Any CPU.ActiveCfg = Debug|Any CPU
		{CD8FBB67-827D-43C7-B1F1-E301411C6AB5}.Debug|Any CPU.Build.0 = Debug|Any CPU
		{CD8FBB67-827D-43C7-B1F1-E301411C6AB5}.Release|Any CPU.ActiveCfg = Release|Any CPU
		{CD8FBB67-827D-43C7-B1F1-E301411C6AB5}.Release|Any CPU.Build.0 = Release|Any CPU
		{A72AABB7-9E70-4C9E-A95E-E934BE398178}.Debug|Any CPU.ActiveCfg = Debug|Any CPU
		{A72AABB7-9E70-4C9E-A95E-E934BE398178}.Debug|Any CPU.Build.0 = Debug|Any CPU
		{A72AABB7-9E70-4C9E-A95E-E934BE398178}.Release|Any CPU.ActiveCfg = Release|Any CPU
		{A72AABB7-9E70-4C9E-A95E-E934BE398178}.Release|Any CPU.Build.0 = Release|Any CPU
		{393CB3A2-1C16-4777-AC50-411E9087E52B}.Debug|Any CPU.ActiveCfg = Debug|Any CPU
		{393CB3A2-1C16-4777-AC50-411E9087E52B}.Debug|Any CPU.Build.0 = Debug|Any CPU
		{393CB3A2-1C16-4777-AC50-411E9087E52B}.Release|Any CPU.ActiveCfg = Release|Any CPU
		{393CB3A2-1C16-4777-AC50-411E9087E52B}.Release|Any CPU.Build.0 = Release|Any CPU
		{644994BA-C9EC-4AFA-9BFE-819761084390}.Debug|Any CPU.ActiveCfg = Debug|Any CPU
		{644994BA-C9EC-4AFA-9BFE-819761084390}.Debug|Any CPU.Build.0 = Debug|Any CPU
		{644994BA-C9EC-4AFA-9BFE-819761084390}.Release|Any CPU.ActiveCfg = Release|Any CPU
		{644994BA-C9EC-4AFA-9BFE-819761084390}.Release|Any CPU.Build.0 = Release|Any CPU
		{5BD758CD-32E7-4A05-9996-70CE279C38F9}.Debug|Any CPU.ActiveCfg = Debug|Any CPU
		{5BD758CD-32E7-4A05-9996-70CE279C38F9}.Debug|Any CPU.Build.0 = Debug|Any CPU
		{5BD758CD-32E7-4A05-9996-70CE279C38F9}.Release|Any CPU.ActiveCfg = Release|Any CPU
		{5BD758CD-32E7-4A05-9996-70CE279C38F9}.Release|Any CPU.Build.0 = Release|Any CPU
		{E8277C20-2CC3-475B-96F6-0CAA5EF0F595}.Debug|Any CPU.ActiveCfg = Debug|Any CPU
		{E8277C20-2CC3-475B-96F6-0CAA5EF0F595}.Debug|Any CPU.Build.0 = Debug|Any CPU
		{E8277C20-2CC3-475B-96F6-0CAA5EF0F595}.Release|Any CPU.ActiveCfg = Release|Any CPU
		{E8277C20-2CC3-475B-96F6-0CAA5EF0F595}.Release|Any CPU.Build.0 = Release|Any CPU
		{295F81B3-B375-49C6-BB82-D672C3138590}.Debug|Any CPU.ActiveCfg = Debug|Any CPU
		{295F81B3-B375-49C6-BB82-D672C3138590}.Debug|Any CPU.Build.0 = Debug|Any CPU
		{295F81B3-B375-49C6-BB82-D672C3138590}.Release|Any CPU.ActiveCfg = Release|Any CPU
		{295F81B3-B375-49C6-BB82-D672C3138590}.Release|Any CPU.Build.0 = Release|Any CPU
		{80AE8DC4-B9CE-4214-AD87-DE57F6403E22}.Debug|Any CPU.ActiveCfg = Debug|Any CPU
		{80AE8DC4-B9CE-4214-AD87-DE57F6403E22}.Debug|Any CPU.Build.0 = Debug|Any CPU
		{80AE8DC4-B9CE-4214-AD87-DE57F6403E22}.Release|Any CPU.ActiveCfg = Release|Any CPU
		{80AE8DC4-B9CE-4214-AD87-DE57F6403E22}.Release|Any CPU.Build.0 = Release|Any CPU
		{A4A9266A-DCD8-463B-B780-B27B06B462CF}.Debug|Any CPU.ActiveCfg = Debug|Any CPU
		{A4A9266A-DCD8-463B-B780-B27B06B462CF}.Debug|Any CPU.Build.0 = Debug|Any CPU
		{A4A9266A-DCD8-463B-B780-B27B06B462CF}.Release|Any CPU.ActiveCfg = Release|Any CPU
		{A4A9266A-DCD8-463B-B780-B27B06B462CF}.Release|Any CPU.Build.0 = Release|Any CPU
	EndGlobalSection
	GlobalSection(NestedProjects) = preSolution
		{CD8FBB67-827D-43C7-B1F1-E301411C6AB5} = {A8FAB6D9-E3A5-46C4-BF50-2B957574BCB3}
		{A72AABB7-9E70-4C9E-A95E-E934BE398178} = {A8FAB6D9-E3A5-46C4-BF50-2B957574BCB3}
		{644994BA-C9EC-4AFA-9BFE-819761084390} = {A8FAB6D9-E3A5-46C4-BF50-2B957574BCB3}
		{3B610C5F-9665-4DA4-8A8E-7BFDAE9AD253} = {A8FAB6D9-E3A5-46C4-BF50-2B957574BCB3}
		{E8277C20-2CC3-475B-96F6-0CAA5EF0F595} = {A8FAB6D9-E3A5-46C4-BF50-2B957574BCB3}
		{5BD758CD-32E7-4A05-9996-70CE279C38F9} = {A8FAB6D9-E3A5-46C4-BF50-2B957574BCB3}
		{295F81B3-B375-49C6-BB82-D672C3138590} = {589C67E7-A942-467F-8B59-B0B87ADCC1B7}
		{80AE8DC4-B9CE-4214-AD87-DE57F6403E22} = {589C67E7-A942-467F-8B59-B0B87ADCC1B7}
		{A4A9266A-DCD8-463B-B780-B27B06B462CF} = {630552C8-84CF-4422-B885-1826DF042CD1}
	EndGlobalSection
EndGlobal
