
Microsoft Visual Studio Solution File, Format Version 12.00
Project("{FAE04EC0-301F-11D3-BF4B-00C04F79EFBC}") = "CM.Api", "CM.Api\CM.Api.csproj", "{3B610C5F-9665-4DA4-8A8E-7BFDAE9AD253}"
EndProject
Project("{FAE04EC0-301F-11D3-BF4B-00C04F79EFBC}") = "CM.Common", "CM.Common\CM.Common.csproj", "{95340055-7B0B-47E5-B586-EA9F68F72DD7}"
EndProject
Project("{FAE04EC0-301F-11D3-BF4B-00C04F79EFBC}") = "CM.Database", "CM.Database\CM.Database.csproj", "{CD8FBB67-827D-43C7-B1F1-E301411C6AB5}"
EndProject
Project("{FAE04EC0-301F-11D3-BF4B-00C04F79EFBC}") = "CM.Entities", "CM.Entities\CM.Entities.csproj", "{A72AABB7-9E70-4C9E-A95E-E934BE398178}"
EndProject
Project("{FAE04EC0-301F-11D3-BF4B-00C04F79EFBC}") = "CM.Model", "CM.Model\CM.Model.csproj", "{393CB3A2-1C16-4777-AC50-411E9087E52B}"
EndProject
Project("{FAE04EC0-301F-11D3-BF4B-00C04F79EFBC}") = "CM.Repositories", "CM.Repositories\CM.Repositories.csproj", "{644994BA-C9EC-4AFA-9BFE-819761084390}"
EndProject
Global
	GlobalSection(SolutionConfigurationPlatforms) = preSolution
		Debug|Any CPU = Debug|Any CPU
		Release|Any CPU = Release|Any CPU
	EndGlobalSection
	GlobalSection(ProjectConfigurationPlatforms) = postSolution
		{3B610C5F-9665-4DA4-8A8E-7BFDAE9AD253}.Debug|Any CPU.ActiveCfg = Debug|Any CPU
		{3B610C5F-9665-4DA4-8A8E-7BFDAE9AD253}.Debug|Any CPU.Build.0 = Debug|Any CPU
		{3B610C5F-9665-4DA4-8A8E-7BFDAE9AD253}.Release|Any CPU.ActiveCfg = Release|Any CPU
		{3B610C5F-9665-4DA4-8A8E-7BFDAE9AD253}.Release|Any CPU.Build.0 = Release|Any CPU
		{95340055-7B0B-47E5-B586-EA9F68F72DD7}.Debug|Any CPU.ActiveCfg = Debug|Any CPU
		{95340055-7B0B-47E5-B586-EA9F68F72DD7}.Debug|Any CPU.Build.0 = Debug|Any CPU
		{95340055-7B0B-47E5-B586-EA9F68F72DD7}.Release|Any CPU.ActiveCfg = Release|Any CPU
		{95340055-7B0B-47E5-B586-EA9F68F72DD7}.Release|Any CPU.Build.0 = Release|Any CPU
		{CD8FBB67-827D-43C7-B1F1-E301411C6AB5}.Debug|Any CPU.ActiveCfg = Debug|Any CPU
		{CD8FBB67-827D-43C7-B1F1-E301411C6AB5}.Debug|Any CPU.Build.0 = Debug|Any CPU
		{CD8FBB67-827D-43C7-B1F1-E301411C6AB5}.Release|Any CPU.ActiveCfg = Release|Any CPU
		{CD8FBB67-827D-43C7-B1F1-E301411C6AB5}.Release|Any CPU.Build.0 = Release|Any CPU
		{A72AABB7-9E70-4C9E-A95E-E934BE398178}.Debug|Any CPU.ActiveCfg = Debug|Any CPU
		{A72AABB7-9E70-4C9E-A95E-E934BE398178}.Debug|Any CPU.Build.0 = Debug|Any CPU
		{A72AABB7-9E70-4C9E-A95E-E934BE398178}.Release|Any CPU.ActiveCfg = Release|Any CPU
		{A72AABB7-9E70-4C9E-A95E-E934BE398178}.Release|Any CPU.Build.0 = Release|Any CPU
		{393CB3A2-1C16-4777-AC50-411E9087E52B}.Debug|Any CPU.ActiveCfg = Debug|Any CPU
		{393CB3A2-1C16-4777-AC50-411E9087E52B}.Debug|Any CPU.Build.0 = Debug|Any CPU
		{393CB3A2-1C16-4777-AC50-411E9087E52B}.Release|Any CPU.ActiveCfg = Release|Any CPU
		{393CB3A2-1C16-4777-AC50-411E9087E52B}.Release|Any CPU.Build.0 = Release|Any CPU
		{644994BA-C9EC-4AFA-9BFE-819761084390}.Debug|Any CPU.ActiveCfg = Debug|Any CPU
		{644994BA-C9EC-4AFA-9BFE-819761084390}.Debug|Any CPU.Build.0 = Debug|Any CPU
		{644994BA-C9EC-4AFA-9BFE-819761084390}.Release|Any CPU.ActiveCfg = Release|Any CPU
		{644994BA-C9EC-4AFA-9BFE-819761084390}.Release|Any CPU.Build.0 = Release|Any CPU
	EndGlobalSection
EndGlobal
